
Microsoft Visual Studio Solution File, Format Version 12.00
# Visual Studio Version 17
VisualStudioVersion = 17.9.34728.123
MinimumVisualStudioVersion = 10.0.40219.1
Project("{FAE04EC0-301F-11D3-BF4B-00C04F79EFBC}") = "ZadALab4", "ZadALab4.csproj", "{E80E7993-208D-491B-8047-14D063E5A258}"
EndProject
Global
	GlobalSection(SolutionConfigurationPlatforms) = preSolution
		Debug|Any CPU = Debug|Any CPU
		Release|Any CPU = Release|Any CPU
	EndGlobalSection
	GlobalSection(ProjectConfigurationPlatforms) = postSolution
		{E80E7993-208D-491B-8047-14D063E5A258}.Debug|Any CPU.ActiveCfg = Debug|Any CPU
		{E80E7993-208D-491B-8047-14D063E5A258}.Debug|Any CPU.Build.0 = Debug|Any CPU
		{E80E7993-208D-491B-8047-14D063E5A258}.Release|Any CPU.ActiveCfg = Release|Any CPU
		{E80E7993-208D-491B-8047-14D063E5A258}.Release|Any CPU.Build.0 = Release|Any CPU
	EndGlobalSection
	GlobalSection(SolutionProperties) = preSolution
		HideSolutionNode = FALSE
	EndGlobalSection
	GlobalSection(ExtensibilityGlobals) = postSolution
		SolutionGuid = {A94ABCC7-4853-4116-9CE7-5255F768478D}
	EndGlobalSection
EndGlobal
